
Microsoft Visual Studio Solution File, Format Version 12.00
# Visual Studio 2012
Project("{8BC9CEB8-8B4A-11D0-8D11-00A0C91BC942}") = "MHSuperman", "MHSuperman\MHSuperman.vcxproj", "{97CF5447-3C07-41CF-BE75-4E29BF715939}"
	ProjectSection(ProjectDependencies) = postProject
		{7CBF6B46-9941-4BC9-A530-C4B232593B80} = {7CBF6B46-9941-4BC9-A530-C4B232593B80}
	EndProjectSection
EndProject
Project("{8BC9CEB8-8B4A-11D0-8D11-00A0C91BC942}") = "MHInject", "MHInject\MHInject.vcxproj", "{032E0CC9-6532-46EC-A708-50D19B811011}"
EndProject
Project("{8BC9CEB8-8B4A-11D0-8D11-00A0C91BC942}") = "PublicConsole", "PublicConsole\PublicConsole.vcxproj", "{5AB4D5B7-1E67-4911-AE65-A7E2B1E4CACE}"
	ProjectSection(ProjectDependencies) = postProject
		{7CBF6B46-9941-4BC9-A530-C4B232593B80} = {7CBF6B46-9941-4BC9-A530-C4B232593B80}
		{032E0CC9-6532-46EC-A708-50D19B811011} = {032E0CC9-6532-46EC-A708-50D19B811011}
	EndProjectSection
EndProject
Project("{8BC9CEB8-8B4A-11D0-8D11-00A0C91BC942}") = "Lua", "LUA\Lua.vcxproj", "{7CBF6B46-9941-4BC9-A530-C4B232593B80}"
EndProject
Project("{FAE04EC0-301F-11D3-BF4B-00C04F79EFBC}") = "Cyanide", "Cyanide\Cyanide.csproj", "{3D2A4C4C-3829-436B-AB27-4127B6676812}"
	ProjectSection(ProjectDependencies) = postProject
		{97CF5447-3C07-41CF-BE75-4E29BF715939} = {97CF5447-3C07-41CF-BE75-4E29BF715939}
	EndProjectSection
EndProject
Global
	GlobalSection(SolutionConfigurationPlatforms) = preSolution
		_Release|Any CPU = _Release|Any CPU
		_Release|Mixed Platforms = _Release|Mixed Platforms
		_Release|Win32 = _Release|Win32
		_TEST|Any CPU = _TEST|Any CPU
		_TEST|Mixed Platforms = _TEST|Mixed Platforms
		_TEST|Win32 = _TEST|Win32
		Debug|Any CPU = Debug|Any CPU
		Debug|Mixed Platforms = Debug|Mixed Platforms
		Debug|Win32 = Debug|Win32
		MHWalker|Any CPU = MHWalker|Any CPU
		MHWalker|Mixed Platforms = MHWalker|Mixed Platforms
		MHWalker|Win32 = MHWalker|Win32
		Private|Any CPU = Private|Any CPU
		Private|Mixed Platforms = Private|Mixed Platforms
		Private|Win32 = Private|Win32
		Public EU|Any CPU = Public EU|Any CPU
		Public EU|Mixed Platforms = Public EU|Mixed Platforms
		Public EU|Win32 = Public EU|Win32
		Public NA|Any CPU = Public NA|Any CPU
		Public NA|Mixed Platforms = Public NA|Mixed Platforms
		Public NA|Win32 = Public NA|Win32
		Release|Any CPU = Release|Any CPU
		Release|Mixed Platforms = Release|Mixed Platforms
		Release|Win32 = Release|Win32
		VIP|Any CPU = VIP|Any CPU
		VIP|Mixed Platforms = VIP|Mixed Platforms
		VIP|Win32 = VIP|Win32
	EndGlobalSection
	GlobalSection(ProjectConfigurationPlatforms) = postSolution
		{97CF5447-3C07-41CF-BE75-4E29BF715939}._Release|Any CPU.ActiveCfg = Release|Win32
		{97CF5447-3C07-41CF-BE75-4E29BF715939}._Release|Mixed Platforms.ActiveCfg = Release|Win32
		{97CF5447-3C07-41CF-BE75-4E29BF715939}._Release|Mixed Platforms.Build.0 = Release|Win32
		{97CF5447-3C07-41CF-BE75-4E29BF715939}._Release|Win32.ActiveCfg = Release|Win32
		{97CF5447-3C07-41CF-BE75-4E29BF715939}._Release|Win32.Build.0 = Release|Win32
		{97CF5447-3C07-41CF-BE75-4E29BF715939}._TEST|Any CPU.ActiveCfg = _TEST|Win32
		{97CF5447-3C07-41CF-BE75-4E29BF715939}._TEST|Mixed Platforms.ActiveCfg = _TEST|Win32
		{97CF5447-3C07-41CF-BE75-4E29BF715939}._TEST|Mixed Platforms.Build.0 = _TEST|Win32
		{97CF5447-3C07-41CF-BE75-4E29BF715939}._TEST|Win32.ActiveCfg = _TEST|Win32
		{97CF5447-3C07-41CF-BE75-4E29BF715939}._TEST|Win32.Build.0 = _TEST|Win32
		{97CF5447-3C07-41CF-BE75-4E29BF715939}.Debug|Any CPU.ActiveCfg = VIP|Win32
		{97CF5447-3C07-41CF-BE75-4E29BF715939}.Debug|Mixed Platforms.ActiveCfg = VIP|Win32
		{97CF5447-3C07-41CF-BE75-4E29BF715939}.Debug|Mixed Platforms.Build.0 = VIP|Win32
		{97CF5447-3C07-41CF-BE75-4E29BF715939}.Debug|Win32.ActiveCfg = Public|Win32
		{97CF5447-3C07-41CF-BE75-4E29BF715939}.Debug|Win32.Build.0 = Public|Win32
		{97CF5447-3C07-41CF-BE75-4E29BF715939}.MHWalker|Any CPU.ActiveCfg = MHWalker|Win32
		{97CF5447-3C07-41CF-BE75-4E29BF715939}.MHWalker|Mixed Platforms.ActiveCfg = MHWalker|Win32
		{97CF5447-3C07-41CF-BE75-4E29BF715939}.MHWalker|Mixed Platforms.Build.0 = MHWalker|Win32
		{97CF5447-3C07-41CF-BE75-4E29BF715939}.MHWalker|Win32.ActiveCfg = MHWalker|Win32
		{97CF5447-3C07-41CF-BE75-4E29BF715939}.MHWalker|Win32.Build.0 = MHWalker|Win32
		{97CF5447-3C07-41CF-BE75-4E29BF715939}.Private|Any CPU.ActiveCfg = Private|Win32
		{97CF5447-3C07-41CF-BE75-4E29BF715939}.Private|Mixed Platforms.ActiveCfg = Private|Win32
		{97CF5447-3C07-41CF-BE75-4E29BF715939}.Private|Mixed Platforms.Build.0 = Private|Win32
		{97CF5447-3C07-41CF-BE75-4E29BF715939}.Private|Win32.ActiveCfg = Private|Win32
		{97CF5447-3C07-41CF-BE75-4E29BF715939}.Private|Win32.Build.0 = Private|Win32
		{97CF5447-3C07-41CF-BE75-4E29BF715939}.Public EU|Any CPU.ActiveCfg = Public EU|Win32
		{97CF5447-3C07-41CF-BE75-4E29BF715939}.Public EU|Mixed Platforms.ActiveCfg = Public EU|Win32
		{97CF5447-3C07-41CF-BE75-4E29BF715939}.Public EU|Mixed Platforms.Build.0 = Public EU|Win32
		{97CF5447-3C07-41CF-BE75-4E29BF715939}.Public EU|Win32.ActiveCfg = Public EU|Win32
		{97CF5447-3C07-41CF-BE75-4E29BF715939}.Public EU|Win32.Build.0 = Public EU|Win32
		{97CF5447-3C07-41CF-BE75-4E29BF715939}.Public NA|Any CPU.ActiveCfg = Public EU|Win32
		{97CF5447-3C07-41CF-BE75-4E29BF715939}.Public NA|Mixed Platforms.ActiveCfg = Public EU|Win32
		{97CF5447-3C07-41CF-BE75-4E29BF715939}.Public NA|Mixed Platforms.Build.0 = Public EU|Win32
		{97CF5447-3C07-41CF-BE75-4E29BF715939}.Public NA|Win32.ActiveCfg = Public|Win32
		{97CF5447-3C07-41CF-BE75-4E29BF715939}.Public NA|Win32.Build.0 = Public|Win32
		{97CF5447-3C07-41CF-BE75-4E29BF715939}.Release|Any CPU.ActiveCfg = Release|Win32
		{97CF5447-3C07-41CF-BE75-4E29BF715939}.Release|Mixed Platforms.ActiveCfg = Release|Win32
		{97CF5447-3C07-41CF-BE75-4E29BF715939}.Release|Mixed Platforms.Build.0 = Release|Win32
		{97CF5447-3C07-41CF-BE75-4E29BF715939}.Release|Win32.ActiveCfg = Release|Win32
		{97CF5447-3C07-41CF-BE75-4E29BF715939}.Release|Win32.Build.0 = Release|Win32
		{97CF5447-3C07-41CF-BE75-4E29BF715939}.VIP|Any CPU.ActiveCfg = VIP|Win32
		{97CF5447-3C07-41CF-BE75-4E29BF715939}.VIP|Mixed Platforms.ActiveCfg = VIP|Win32
		{97CF5447-3C07-41CF-BE75-4E29BF715939}.VIP|Mixed Platforms.Build.0 = VIP|Win32
		{97CF5447-3C07-41CF-BE75-4E29BF715939}.VIP|Win32.ActiveCfg = VIP|Win32
		{97CF5447-3C07-41CF-BE75-4E29BF715939}.VIP|Win32.Build.0 = VIP|Win32
		{032E0CC9-6532-46EC-A708-50D19B811011}._Release|Any CPU.ActiveCfg = Release|Win32
		{032E0CC9-6532-46EC-A708-50D19B811011}._Release|Mixed Platforms.ActiveCfg = Release|Win32
		{032E0CC9-6532-46EC-A708-50D19B811011}._Release|Mixed Platforms.Build.0 = Release|Win32
		{032E0CC9-6532-46EC-A708-50D19B811011}._Release|Win32.ActiveCfg = Release|Win32
		{032E0CC9-6532-46EC-A708-50D19B811011}._Release|Win32.Build.0 = Release|Win32
		{032E0CC9-6532-46EC-A708-50D19B811011}._TEST|Any CPU.ActiveCfg = MHWalker|Win32
		{032E0CC9-6532-46EC-A708-50D19B811011}._TEST|Mixed Platforms.ActiveCfg = MHWalker|Win32
		{032E0CC9-6532-46EC-A708-50D19B811011}._TEST|Mixed Platforms.Build.0 = MHWalker|Win32
		{032E0CC9-6532-46EC-A708-50D19B811011}._TEST|Win32.ActiveCfg = Release|Win32
		{032E0CC9-6532-46EC-A708-50D19B811011}._TEST|Win32.Build.0 = Release|Win32
		{032E0CC9-6532-46EC-A708-50D19B811011}.Debug|Any CPU.ActiveCfg = Debug|Win32
		{032E0CC9-6532-46EC-A708-50D19B811011}.Debug|Mixed Platforms.ActiveCfg = Debug|Win32
		{032E0CC9-6532-46EC-A708-50D19B811011}.Debug|Mixed Platforms.Build.0 = Debug|Win32
		{032E0CC9-6532-46EC-A708-50D19B811011}.Debug|Win32.ActiveCfg = Debug|Win32
		{032E0CC9-6532-46EC-A708-50D19B811011}.Debug|Win32.Build.0 = Debug|Win32
		{032E0CC9-6532-46EC-A708-50D19B811011}.MHWalker|Any CPU.ActiveCfg = MHWalker|Win32
		{032E0CC9-6532-46EC-A708-50D19B811011}.MHWalker|Mixed Platforms.ActiveCfg = MHWalker|Win32
		{032E0CC9-6532-46EC-A708-50D19B811011}.MHWalker|Mixed Platforms.Build.0 = MHWalker|Win32
		{032E0CC9-6532-46EC-A708-50D19B811011}.MHWalker|Win32.ActiveCfg = MHWalker|Win32
		{032E0CC9-6532-46EC-A708-50D19B811011}.MHWalker|Win32.Build.0 = MHWalker|Win32
		{032E0CC9-6532-46EC-A708-50D19B811011}.Private|Any CPU.ActiveCfg = MHWalker|Win32
		{032E0CC9-6532-46EC-A708-50D19B811011}.Private|Mixed Platforms.ActiveCfg = MHWalker|Win32
		{032E0CC9-6532-46EC-A708-50D19B811011}.Private|Mixed Platforms.Build.0 = MHWalker|Win32
		{032E0CC9-6532-46EC-A708-50D19B811011}.Private|Win32.ActiveCfg = Release|Win32
		{032E0CC9-6532-46EC-A708-50D19B811011}.Private|Win32.Build.0 = Release|Win32
		{032E0CC9-6532-46EC-A708-50D19B811011}.Public EU|Any CPU.ActiveCfg = MHWalker|Win32
		{032E0CC9-6532-46EC-A708-50D19B811011}.Public EU|Mixed Platforms.ActiveCfg = MHWalker|Win32
		{032E0CC9-6532-46EC-A708-50D19B811011}.Public EU|Mixed Platforms.Build.0 = MHWalker|Win32
		{032E0CC9-6532-46EC-A708-50D19B811011}.Public EU|Win32.ActiveCfg = Release|Win32
		{032E0CC9-6532-46EC-A708-50D19B811011}.Public EU|Win32.Build.0 = Release|Win32
		{032E0CC9-6532-46EC-A708-50D19B811011}.Public NA|Any CPU.ActiveCfg = MHWalker|Win32
		{032E0CC9-6532-46EC-A708-50D19B811011}.Public NA|Mixed Platforms.ActiveCfg = MHWalker|Win32
		{032E0CC9-6532-46EC-A708-50D19B811011}.Public NA|Mixed Platforms.Build.0 = MHWalker|Win32
		{032E0CC9-6532-46EC-A708-50D19B811011}.Public NA|Win32.ActiveCfg = Release|Win32
		{032E0CC9-6532-46EC-A708-50D19B811011}.Public NA|Win32.Build.0 = Release|Win32
		{032E0CC9-6532-46EC-A708-50D19B811011}.Release|Any CPU.ActiveCfg = Release|Win32
		{032E0CC9-6532-46EC-A708-50D19B811011}.Release|Mixed Platforms.ActiveCfg = Release|Win32
		{032E0CC9-6532-46EC-A708-50D19B811011}.Release|Mixed Platforms.Build.0 = Release|Win32
		{032E0CC9-6532-46EC-A708-50D19B811011}.Release|Win32.ActiveCfg = Release|Win32
		{032E0CC9-6532-46EC-A708-50D19B811011}.Release|Win32.Build.0 = Release|Win32
		{032E0CC9-6532-46EC-A708-50D19B811011}.VIP|Any CPU.ActiveCfg = MHWalker|Win32
		{032E0CC9-6532-46EC-A708-50D19B811011}.VIP|Mixed Platforms.ActiveCfg = MHWalker|Win32
		{032E0CC9-6532-46EC-A708-50D19B811011}.VIP|Mixed Platforms.Build.0 = MHWalker|Win32
		{032E0CC9-6532-46EC-A708-50D19B811011}.VIP|Win32.ActiveCfg = Release|Win32
		{032E0CC9-6532-46EC-A708-50D19B811011}.VIP|Win32.Build.0 = Release|Win32
		{5AB4D5B7-1E67-4911-AE65-A7E2B1E4CACE}._Release|Any CPU.ActiveCfg = Release|Win32
		{5AB4D5B7-1E67-4911-AE65-A7E2B1E4CACE}._Release|Mixed Platforms.ActiveCfg = Release|Win32
		{5AB4D5B7-1E67-4911-AE65-A7E2B1E4CACE}._Release|Mixed Platforms.Build.0 = Release|Win32
		{5AB4D5B7-1E67-4911-AE65-A7E2B1E4CACE}._Release|Win32.ActiveCfg = Release|Win32
		{5AB4D5B7-1E67-4911-AE65-A7E2B1E4CACE}._Release|Win32.Build.0 = Release|Win32
		{5AB4D5B7-1E67-4911-AE65-A7E2B1E4CACE}._TEST|Any CPU.ActiveCfg = Debug|Win32
		{5AB4D5B7-1E67-4911-AE65-A7E2B1E4CACE}._TEST|Mixed Platforms.ActiveCfg = Debug|Win32
		{5AB4D5B7-1E67-4911-AE65-A7E2B1E4CACE}._TEST|Mixed Platforms.Build.0 = Debug|Win32
		{5AB4D5B7-1E67-4911-AE65-A7E2B1E4CACE}._TEST|Win32.ActiveCfg = Release|Win32
		{5AB4D5B7-1E67-4911-AE65-A7E2B1E4CACE}._TEST|Win32.Build.0 = Release|Win32
		{5AB4D5B7-1E67-4911-AE65-A7E2B1E4CACE}.Debug|Any CPU.ActiveCfg = Debug|Win32
		{5AB4D5B7-1E67-4911-AE65-A7E2B1E4CACE}.Debug|Mixed Platforms.ActiveCfg = Debug|Win32
		{5AB4D5B7-1E67-4911-AE65-A7E2B1E4CACE}.Debug|Mixed Platforms.Build.0 = Debug|Win32
		{5AB4D5B7-1E67-4911-AE65-A7E2B1E4CACE}.Debug|Win32.ActiveCfg = Debug|Win32
		{5AB4D5B7-1E67-4911-AE65-A7E2B1E4CACE}.Debug|Win32.Build.0 = Debug|Win32
		{5AB4D5B7-1E67-4911-AE65-A7E2B1E4CACE}.MHWalker|Any CPU.ActiveCfg = Debug|Win32
		{5AB4D5B7-1E67-4911-AE65-A7E2B1E4CACE}.MHWalker|Mixed Platforms.ActiveCfg = Debug|Win32
		{5AB4D5B7-1E67-4911-AE65-A7E2B1E4CACE}.MHWalker|Mixed Platforms.Build.0 = Debug|Win32
		{5AB4D5B7-1E67-4911-AE65-A7E2B1E4CACE}.MHWalker|Win32.ActiveCfg = Release|Win32
		{5AB4D5B7-1E67-4911-AE65-A7E2B1E4CACE}.MHWalker|Win32.Build.0 = Release|Win32
		{5AB4D5B7-1E67-4911-AE65-A7E2B1E4CACE}.Private|Any CPU.ActiveCfg = Debug|Win32
		{5AB4D5B7-1E67-4911-AE65-A7E2B1E4CACE}.Private|Mixed Platforms.ActiveCfg = Debug|Win32
		{5AB4D5B7-1E67-4911-AE65-A7E2B1E4CACE}.Private|Mixed Platforms.Build.0 = Debug|Win32
		{5AB4D5B7-1E67-4911-AE65-A7E2B1E4CACE}.Private|Win32.ActiveCfg = Release|Win32
		{5AB4D5B7-1E67-4911-AE65-A7E2B1E4CACE}.Private|Win32.Build.0 = Release|Win32
		{5AB4D5B7-1E67-4911-AE65-A7E2B1E4CACE}.Public EU|Any CPU.ActiveCfg = Debug|Win32
		{5AB4D5B7-1E67-4911-AE65-A7E2B1E4CACE}.Public EU|Mixed Platforms.ActiveCfg = Debug|Win32
		{5AB4D5B7-1E67-4911-AE65-A7E2B1E4CACE}.Public EU|Mixed Platforms.Build.0 = Debug|Win32
		{5AB4D5B7-1E67-4911-AE65-A7E2B1E4CACE}.Public EU|Win32.ActiveCfg = Release|Win32
		{5AB4D5B7-1E67-4911-AE65-A7E2B1E4CACE}.Public EU|Win32.Build.0 = Release|Win32
		{5AB4D5B7-1E67-4911-AE65-A7E2B1E4CACE}.Public NA|Any CPU.ActiveCfg = Debug|Win32
		{5AB4D5B7-1E67-4911-AE65-A7E2B1E4CACE}.Public NA|Mixed Platforms.ActiveCfg = Debug|Win32
		{5AB4D5B7-1E67-4911-AE65-A7E2B1E4CACE}.Public NA|Mixed Platforms.Build.0 = Debug|Win32
		{5AB4D5B7-1E67-4911-AE65-A7E2B1E4CACE}.Public NA|Win32.ActiveCfg = Release|Win32
		{5AB4D5B7-1E67-4911-AE65-A7E2B1E4CACE}.Public NA|Win32.Build.0 = Release|Win32
		{5AB4D5B7-1E67-4911-AE65-A7E2B1E4CACE}.Release|Any CPU.ActiveCfg = Release|Win32
		{5AB4D5B7-1E67-4911-AE65-A7E2B1E4CACE}.Release|Mixed Platforms.ActiveCfg = Release|Win32
		{5AB4D5B7-1E67-4911-AE65-A7E2B1E4CACE}.Release|Mixed Platforms.Build.0 = Release|Win32
		{5AB4D5B7-1E67-4911-AE65-A7E2B1E4CACE}.Release|Win32.ActiveCfg = Release|Win32
		{5AB4D5B7-1E67-4911-AE65-A7E2B1E4CACE}.Release|Win32.Build.0 = Release|Win32
		{5AB4D5B7-1E67-4911-AE65-A7E2B1E4CACE}.VIP|Any CPU.ActiveCfg = Debug|Win32
		{5AB4D5B7-1E67-4911-AE65-A7E2B1E4CACE}.VIP|Mixed Platforms.ActiveCfg = Debug|Win32
		{5AB4D5B7-1E67-4911-AE65-A7E2B1E4CACE}.VIP|Mixed Platforms.Build.0 = Debug|Win32
		{5AB4D5B7-1E67-4911-AE65-A7E2B1E4CACE}.VIP|Win32.ActiveCfg = Release|Win32
		{5AB4D5B7-1E67-4911-AE65-A7E2B1E4CACE}.VIP|Win32.Build.0 = Release|Win32
		{7CBF6B46-9941-4BC9-A530-C4B232593B80}._Release|Any CPU.ActiveCfg = Release|Win32
		{7CBF6B46-9941-4BC9-A530-C4B232593B80}._Release|Mixed Platforms.ActiveCfg = Release|Win32
		{7CBF6B46-9941-4BC9-A530-C4B232593B80}._Release|Mixed Platforms.Build.0 = Release|Win32
		{7CBF6B46-9941-4BC9-A530-C4B232593B80}._Release|Win32.ActiveCfg = Release|Win32
		{7CBF6B46-9941-4BC9-A530-C4B232593B80}._Release|Win32.Build.0 = Release|Win32
		{7CBF6B46-9941-4BC9-A530-C4B232593B80}._TEST|Any CPU.ActiveCfg = Debug|Win32
		{7CBF6B46-9941-4BC9-A530-C4B232593B80}._TEST|Mixed Platforms.ActiveCfg = Debug|Win32
		{7CBF6B46-9941-4BC9-A530-C4B232593B80}._TEST|Mixed Platforms.Build.0 = Debug|Win32
		{7CBF6B46-9941-4BC9-A530-C4B232593B80}._TEST|Win32.ActiveCfg = Release|Win32
		{7CBF6B46-9941-4BC9-A530-C4B232593B80}._TEST|Win32.Build.0 = Release|Win32
		{7CBF6B46-9941-4BC9-A530-C4B232593B80}.Debug|Any CPU.ActiveCfg = Debug|Win32
		{7CBF6B46-9941-4BC9-A530-C4B232593B80}.Debug|Mixed Platforms.ActiveCfg = Debug|Win32
		{7CBF6B46-9941-4BC9-A530-C4B232593B80}.Debug|Mixed Platforms.Build.0 = Debug|Win32
		{7CBF6B46-9941-4BC9-A530-C4B232593B80}.Debug|Win32.ActiveCfg = Debug|Win32
		{7CBF6B46-9941-4BC9-A530-C4B232593B80}.Debug|Win32.Build.0 = Debug|Win32
		{7CBF6B46-9941-4BC9-A530-C4B232593B80}.MHWalker|Any CPU.ActiveCfg = Debug|Win32
		{7CBF6B46-9941-4BC9-A530-C4B232593B80}.MHWalker|Mixed Platforms.ActiveCfg = Debug|Win32
		{7CBF6B46-9941-4BC9-A530-C4B232593B80}.MHWalker|Mixed Platforms.Build.0 = Debug|Win32
		{7CBF6B46-9941-4BC9-A530-C4B232593B80}.MHWalker|Win32.ActiveCfg = Release|Win32
		{7CBF6B46-9941-4BC9-A530-C4B232593B80}.MHWalker|Win32.Build.0 = Release|Win32
		{7CBF6B46-9941-4BC9-A530-C4B232593B80}.Private|Any CPU.ActiveCfg = Debug|Win32
		{7CBF6B46-9941-4BC9-A530-C4B232593B80}.Private|Mixed Platforms.ActiveCfg = Debug|Win32
		{7CBF6B46-9941-4BC9-A530-C4B232593B80}.Private|Mixed Platforms.Build.0 = Debug|Win32
		{7CBF6B46-9941-4BC9-A530-C4B232593B80}.Private|Win32.ActiveCfg = Release|Win32
		{7CBF6B46-9941-4BC9-A530-C4B232593B80}.Private|Win32.Build.0 = Release|Win32
		{7CBF6B46-9941-4BC9-A530-C4B232593B80}.Public EU|Any CPU.ActiveCfg = Debug|Win32
		{7CBF6B46-9941-4BC9-A530-C4B232593B80}.Public EU|Mixed Platforms.ActiveCfg = Debug|Win32
		{7CBF6B46-9941-4BC9-A530-C4B232593B80}.Public EU|Mixed Platforms.Build.0 = Debug|Win32
		{7CBF6B46-9941-4BC9-A530-C4B232593B80}.Public EU|Win32.ActiveCfg = Release|Win32
		{7CBF6B46-9941-4BC9-A530-C4B232593B80}.Public EU|Win32.Build.0 = Release|Win32
		{7CBF6B46-9941-4BC9-A530-C4B232593B80}.Public NA|Any CPU.ActiveCfg = Debug|Win32
		{7CBF6B46-9941-4BC9-A530-C4B232593B80}.Public NA|Mixed Platforms.ActiveCfg = Debug|Win32
		{7CBF6B46-9941-4BC9-A530-C4B232593B80}.Public NA|Mixed Platforms.Build.0 = Debug|Win32
		{7CBF6B46-9941-4BC9-A530-C4B232593B80}.Public NA|Win32.ActiveCfg = Release|Win32
		{7CBF6B46-9941-4BC9-A530-C4B232593B80}.Public NA|Win32.Build.0 = Release|Win32
		{7CBF6B46-9941-4BC9-A530-C4B232593B80}.Release|Any CPU.ActiveCfg = Release|Win32
		{7CBF6B46-9941-4BC9-A530-C4B232593B80}.Release|Mixed Platforms.ActiveCfg = Release|Win32
		{7CBF6B46-9941-4BC9-A530-C4B232593B80}.Release|Mixed Platforms.Build.0 = Release|Win32
		{7CBF6B46-9941-4BC9-A530-C4B232593B80}.Release|Win32.ActiveCfg = Release|Win32
		{7CBF6B46-9941-4BC9-A530-C4B232593B80}.Release|Win32.Build.0 = Release|Win32
		{7CBF6B46-9941-4BC9-A530-C4B232593B80}.VIP|Any CPU.ActiveCfg = Debug|Win32
		{7CBF6B46-9941-4BC9-A530-C4B232593B80}.VIP|Mixed Platforms.ActiveCfg = Debug|Win32
		{7CBF6B46-9941-4BC9-A530-C4B232593B80}.VIP|Mixed Platforms.Build.0 = Debug|Win32
		{7CBF6B46-9941-4BC9-A530-C4B232593B80}.VIP|Win32.ActiveCfg = Release|Win32
		{7CBF6B46-9941-4BC9-A530-C4B232593B80}.VIP|Win32.Build.0 = Release|Win32
		{3D2A4C4C-3829-436B-AB27-4127B6676812}._Release|Any CPU.ActiveCfg = Release|Any CPU
		{3D2A4C4C-3829-436B-AB27-4127B6676812}._Release|Any CPU.Build.0 = Release|Any CPU
		{3D2A4C4C-3829-436B-AB27-4127B6676812}._Release|Mixed Platforms.ActiveCfg = Release|Any CPU
		{3D2A4C4C-3829-436B-AB27-4127B6676812}._Release|Mixed Platforms.Build.0 = Release|Any CPU
		{3D2A4C4C-3829-436B-AB27-4127B6676812}._Release|Win32.ActiveCfg = Release|Any CPU
		{3D2A4C4C-3829-436B-AB27-4127B6676812}._TEST|Any CPU.ActiveCfg = Release|Any CPU
		{3D2A4C4C-3829-436B-AB27-4127B6676812}._TEST|Any CPU.Build.0 = Release|Any CPU
		{3D2A4C4C-3829-436B-AB27-4127B6676812}._TEST|Mixed Platforms.ActiveCfg = Release|Any CPU
		{3D2A4C4C-3829-436B-AB27-4127B6676812}._TEST|Mixed Platforms.Build.0 = Release|Any CPU
		{3D2A4C4C-3829-436B-AB27-4127B6676812}._TEST|Win32.ActiveCfg = Release|Any CPU
		{3D2A4C4C-3829-436B-AB27-4127B6676812}.Debug|Any CPU.ActiveCfg = Debug|Any CPU
		{3D2A4C4C-3829-436B-AB27-4127B6676812}.Debug|Any CPU.Build.0 = Debug|Any CPU
		{3D2A4C4C-3829-436B-AB27-4127B6676812}.Debug|Mixed Platforms.ActiveCfg = Debug|Any CPU
		{3D2A4C4C-3829-436B-AB27-4127B6676812}.Debug|Mixed Platforms.Build.0 = Debug|Any CPU
		{3D2A4C4C-3829-436B-AB27-4127B6676812}.Debug|Win32.ActiveCfg = Debug|Any CPU
		{3D2A4C4C-3829-436B-AB27-4127B6676812}.MHWalker|Any CPU.ActiveCfg = Release|Any CPU
		{3D2A4C4C-3829-436B-AB27-4127B6676812}.MHWalker|Any CPU.Build.0 = Release|Any CPU
		{3D2A4C4C-3829-436B-AB27-4127B6676812}.MHWalker|Mixed Platforms.ActiveCfg = Release|Any CPU
		{3D2A4C4C-3829-436B-AB27-4127B6676812}.MHWalker|Mixed Platforms.Build.0 = Release|Any CPU
		{3D2A4C4C-3829-436B-AB27-4127B6676812}.MHWalker|Win32.ActiveCfg = Release|Any CPU
		{3D2A4C4C-3829-436B-AB27-4127B6676812}.Private|Any CPU.ActiveCfg = Release|Any CPU
		{3D2A4C4C-3829-436B-AB27-4127B6676812}.Private|Any CPU.Build.0 = Release|Any CPU
		{3D2A4C4C-3829-436B-AB27-4127B6676812}.Private|Mixed Platforms.ActiveCfg = Release|Any CPU
		{3D2A4C4C-3829-436B-AB27-4127B6676812}.Private|Mixed Platforms.Build.0 = Release|Any CPU
		{3D2A4C4C-3829-436B-AB27-4127B6676812}.Private|Win32.ActiveCfg = Release|Any CPU
		{3D2A4C4C-3829-436B-AB27-4127B6676812}.Public EU|Any CPU.ActiveCfg = Release|Any CPU
		{3D2A4C4C-3829-436B-AB27-4127B6676812}.Public EU|Any CPU.Build.0 = Release|Any CPU
		{3D2A4C4C-3829-436B-AB27-4127B6676812}.Public EU|Mixed Platforms.ActiveCfg = Release|Any CPU
		{3D2A4C4C-3829-436B-AB27-4127B6676812}.Public EU|Mixed Platforms.Build.0 = Release|Any CPU
		{3D2A4C4C-3829-436B-AB27-4127B6676812}.Public EU|Win32.ActiveCfg = Release|Any CPU
		{3D2A4C4C-3829-436B-AB27-4127B6676812}.Public NA|Any CPU.ActiveCfg = Release|Any CPU
		{3D2A4C4C-3829-436B-AB27-4127B6676812}.Public NA|Any CPU.Build.0 = Release|Any CPU
		{3D2A4C4C-3829-436B-AB27-4127B6676812}.Public NA|Mixed Platforms.ActiveCfg = Release|Any CPU
		{3D2A4C4C-3829-436B-AB27-4127B6676812}.Public NA|Mixed Platforms.Build.0 = Release|Any CPU
		{3D2A4C4C-3829-436B-AB27-4127B6676812}.Public NA|Win32.ActiveCfg = Release|Any CPU
		{3D2A4C4C-3829-436B-AB27-4127B6676812}.Release|Any CPU.ActiveCfg = Release|Any CPU
		{3D2A4C4C-3829-436B-AB27-4127B6676812}.Release|Any CPU.Build.0 = Release|Any CPU
		{3D2A4C4C-3829-436B-AB27-4127B6676812}.Release|Mixed Platforms.ActiveCfg = Release|Any CPU
		{3D2A4C4C-3829-436B-AB27-4127B6676812}.Release|Mixed Platforms.Build.0 = Release|Any CPU
		{3D2A4C4C-3829-436B-AB27-4127B6676812}.Release|Win32.ActiveCfg = Release|Any CPU
		{3D2A4C4C-3829-436B-AB27-4127B6676812}.VIP|Any CPU.ActiveCfg = Release|Any CPU
		{3D2A4C4C-3829-436B-AB27-4127B6676812}.VIP|Any CPU.Build.0 = Release|Any CPU
		{3D2A4C4C-3829-436B-AB27-4127B6676812}.VIP|Mixed Platforms.ActiveCfg = Release|Any CPU
		{3D2A4C4C-3829-436B-AB27-4127B6676812}.VIP|Mixed Platforms.Build.0 = Release|Any CPU
		{3D2A4C4C-3829-436B-AB27-4127B6676812}.VIP|Win32.ActiveCfg = Release|Any CPU
	EndGlobalSection
	GlobalSection(SolutionProperties) = preSolution
		HideSolutionNode = FALSE
	EndGlobalSection
EndGlobal
