<?xml version="1.0" encoding="utf-8"?>
<Project ToolsVersion="4.0" xmlns="http://schemas.microsoft.com/developer/msbuild/2003">
  <ItemGroup>
    <Filter Include="Source Files">
      <UniqueIdentifier>{4FC737F1-C7A5-4376-A066-2A32D752A2FF}</UniqueIdentifier>
      <Extensions>cpp;c;cc;cxx;def;odl;idl;hpj;bat;asm;asmx</Extensions>
    </Filter>
    <Filter Include="Header Files">
      <UniqueIdentifier>{93995380-89BD-4b04-88EB-625FBE52EBFB}</UniqueIdentifier>
      <Extensions>h;hpp;hxx;hm;inl;inc;xsd</Extensions>
    </Filter>
  </ItemGroup>
  <ItemGroup>
    <None Include="ReadMe.txt" />
    <None Include="MHSuperman.def">
      <Filter>Source Files</Filter>
    </None>
    <None Include="res\16x16.ico" />
    <None Include="res\icon2.ico" />
    <None Include="res\16x16_red.ico" />
    <None Include="res\idd_mhwa.bin" />
    <None Include="res\bin00001.bin" />
  </ItemGroup>
  <ItemGroup>
    <ClCompile Include="MHSuperman.cpp">
      <Filter>Source Files</Filter>
    </ClCompile>
    <ClCompile Include="SigScan.cpp">
      <Filter>Source Files</Filter>
    </ClCompile>
    <ClCompile Include="Console.cpp">
      <Filter>Source Files</Filter>
    </ClCompile>
    <ClCompile Include="ServerPlugin.cpp">
      <Filter>Source Files</Filter>
    </ClCompile>
    <ClCompile Include="VinHacks.cpp">
      <Filter>Source Files</Filter>
    </ClCompile>
    <ClCompile Include="WinUtils.cpp">
      <Filter>Source Files</Filter>
    </ClCompile>
    <ClCompile Include="StringUtils.cpp">
      <Filter>Source Files</Filter>
    </ClCompile>
    <ClCompile Include="FileIO.cpp">
      <Filter>Source Files</Filter>
    </ClCompile>
    <ClCompile Include="NetVarDumper.cpp">
      <Filter>Source Files</Filter>
    </ClCompile>
    <ClCompile Include="CustomCommands.cpp">
      <Filter>Source Files</Filter>
    </ClCompile>
    <ClCompile Include="AutoIt.cpp">
      <Filter>Source Files</Filter>
    </ClCompile>
    <ClCompile Include="MHWalker.cpp">
      <Filter>Source Files</Filter>
    </ClCompile>
    <ClCompile Include="MHWalkerDlg.cpp">
      <Filter>Source Files</Filter>
    </ClCompile>
    <ClCompile Include="EncryptStrings.cpp">
      <Filter>Source Files</Filter>
    </ClCompile>
    <ClCompile Include="LuaThreads.cpp">
      <Filter>Source Files</Filter>
    </ClCompile>
    <ClCompile Include="NamedPipes.cpp">
      <Filter>Source Files</Filter>
    </ClCompile>
    <ClCompile Include="HellDaddyUI.cpp">
      <Filter>Source Files</Filter>
    </ClCompile>
    <ClCompile Include="MHCyanide.cpp">
      <Filter>Source Files</Filter>
    </ClCompile>
  </ItemGroup>
  <ItemGroup>
    <ClInclude Include="MHSuperman.h">
      <Filter>Header Files</Filter>
    </ClInclude>
    <ClInclude Include="SigScan.h">
      <Filter>Header Files</Filter>
    </ClInclude>
    <ClInclude Include="Console.h">
      <Filter>Header Files</Filter>
    </ClInclude>
    <ClInclude Include="sdk.h">
      <Filter>Header Files</Filter>
    </ClInclude>
    <ClInclude Include="ServerPlugin.h">
      <Filter>Header Files</Filter>
    </ClInclude>
    <ClInclude Include="VinHacks.h">
      <Filter>Header Files</Filter>
    </ClInclude>
    <ClInclude Include="WinUtils.h">
      <Filter>Header Files</Filter>
    </ClInclude>
    <ClInclude Include="Constructs.h">
      <Filter>Header Files</Filter>
    </ClInclude>
    <ClInclude Include="NetVarDump.h">
      <Filter>Header Files</Filter>
    </ClInclude>
    <ClInclude Include="StringUtils.h">
      <Filter>Header Files</Filter>
    </ClInclude>
    <ClInclude Include="FileIO.h">
      <Filter>Header Files</Filter>
    </ClInclude>
    <ClInclude Include="NetVarDumper.h">
      <Filter>Header Files</Filter>
    </ClInclude>
    <ClInclude Include="resource.h">
      <Filter>Header Files</Filter>
    </ClInclude>
    <ClInclude Include="CustomCommands.h">
      <Filter>Header Files</Filter>
    </ClInclude>
    <ClInclude Include="AutoIt.h">
      <Filter>Header Files</Filter>
    </ClInclude>
    <ClInclude Include="MHWalker.h">
      <Filter>Header Files</Filter>
    </ClInclude>
    <ClInclude Include="stdafx.h">
      <Filter>Header Files</Filter>
    </ClInclude>
    <ClInclude Include="targetver.h">
      <Filter>Header Files</Filter>
    </ClInclude>
    <ClInclude Include="MHWalkerDlg.h">
      <Filter>Header Files</Filter>
    </ClInclude>
    <ClInclude Include="EncryptStrings.h">
      <Filter>Header Files</Filter>
    </ClInclude>
    <ClInclude Include="LuaThreads.h">
      <Filter>Header Files</Filter>
    </ClInclude>
    <ClInclude Include="resource5.h">
      <Filter>Header Files</Filter>
    </ClInclude>
    <ClInclude Include="NamedPipes.h">
      <Filter>Header Files</Filter>
    </ClInclude>
    <ClInclude Include="MHCyanide.h">
      <Filter>Header Files</Filter>
    </ClInclude>
  </ItemGroup>
  <ItemGroup>
    <ResourceCompile Include="MHSuperman.rc" />
    <ResourceCompile Include="Languages.rc" />
  </ItemGroup>
</Project>